// !$*UTF8*$!
{
	archiveVersion = 1;
	classes = {
	};
	objectVersion = 50;
	objects = {

/* Begin PBXBuildFile section */
		572A906B250BD4CA002697DD /* AppDelegate.swift in Sources */ = {isa = PBXBuildFile; fileRef = 572A906A250BD4CA002697DD /* AppDelegate.swift */; };
		572A906D250BD4CA002697DD /* SceneDelegate.swift in Sources */ = {isa = PBXBuildFile; fileRef = 572A906C250BD4CA002697DD /* SceneDelegate.swift */; };
		572A9074250BD4CD002697DD /* Assets.xcassets in Resources */ = {isa = PBXBuildFile; fileRef = 572A9073250BD4CD002697DD /* Assets.xcassets */; };
		572A9077250BD4CD002697DD /* LaunchScreen.storyboard in Resources */ = {isa = PBXBuildFile; fileRef = 572A9075250BD4CD002697DD /* LaunchScreen.storyboard */; };
		572A9082250BD4CE002697DD /* GitHubAPIForRxSwiftTests.swift in Sources */ = {isa = PBXBuildFile; fileRef = 572A9081250BD4CE002697DD /* GitHubAPIForRxSwiftTests.swift */; };
		572A908D250BD4CE002697DD /* GitHubAPIForRxSwiftUITests.swift in Sources */ = {isa = PBXBuildFile; fileRef = 572A908C250BD4CE002697DD /* GitHubAPIForRxSwiftUITests.swift */; };
		5751488D250D053600766015 /* RxDataSources.framework in Frameworks */ = {isa = PBXBuildFile; fileRef = 5751488C250D053600766015 /* RxDataSources.framework */; };
		57514891250D055D00766015 /* RxAlamofire.framework in Frameworks */ = {isa = PBXBuildFile; fileRef = 57514890250D055D00766015 /* RxAlamofire.framework */; };
		57514897250D058E00766015 /* ObjectMapper.framework in Frameworks */ = {isa = PBXBuildFile; fileRef = 57514896250D058E00766015 /* ObjectMapper.framework */; };
		5751489A250D059E00766015 /* Alamofire.framework in Frameworks */ = {isa = PBXBuildFile; fileRef = 57514899250D059E00766015 /* Alamofire.framework */; };
		575148A0250D05C200766015 /* RxCocoa.framework in Frameworks */ = {isa = PBXBuildFile; fileRef = 5751489F250D05C200766015 /* RxCocoa.framework */; };
		575148A3250D05CE00766015 /* RxSwift.framework in Frameworks */ = {isa = PBXBuildFile; fileRef = 575148A2250D05CE00766015 /* RxSwift.framework */; };
		575148B3250E3B1800766015 /* UserListView.xib in Resources */ = {isa = PBXBuildFile; fileRef = 575148B2250E3B1800766015 /* UserListView.xib */; };
		575148B5250E3B3100766015 /* UserRepositoryView.xib in Resources */ = {isa = PBXBuildFile; fileRef = 575148B4250E3B3100766015 /* UserRepositoryView.xib */; };
		575148B7250E3BDD00766015 /* UserListViewController.swift in Sources */ = {isa = PBXBuildFile; fileRef = 575148B6250E3BDD00766015 /* UserListViewController.swift */; };
		575148B9250E3BEB00766015 /* UserRepositoryViewController.swift in Sources */ = {isa = PBXBuildFile; fileRef = 575148B8250E3BEB00766015 /* UserRepositoryViewController.swift */; };
		575148BB250E3C0300766015 /* UserRepositoryViewModel.swift in Sources */ = {isa = PBXBuildFile; fileRef = 575148BA250E3C0300766015 /* UserRepositoryViewModel.swift */; };
		575148BD250E3C1100766015 /* UserListViewModel.swift in Sources */ = {isa = PBXBuildFile; fileRef = 575148BC250E3C1100766015 /* UserListViewModel.swift */; };
		575148BF250E412F00766015 /* UserList.swift in Sources */ = {isa = PBXBuildFile; fileRef = 575148BE250E412F00766015 /* UserList.swift */; };
		575148C1250E41CE00766015 /* UserRepository.swift in Sources */ = {isa = PBXBuildFile; fileRef = 575148C0250E41CE00766015 /* UserRepository.swift */; };
		575148C5250E457B00766015 /* Nuke.framework in Frameworks */ = {isa = PBXBuildFile; fileRef = 575148C4250E457B00766015 /* Nuke.framework */; };
		5779986C2515EC58005B7F95 /* RxWebKit.framework in Frameworks */ = {isa = PBXBuildFile; fileRef = 5779986B2515EC58005B7F95 /* RxWebKit.framework */; };
		5779986D2515EC58005B7F95 /* RxWebKit.framework in Embed Frameworks */ = {isa = PBXBuildFile; fileRef = 5779986B2515EC58005B7F95 /* RxWebKit.framework */; settings = {ATTRIBUTES = (CodeSignOnCopy, RemoveHeadersOnCopy, ); }; };
		57DE265F250F9A7B00EEA247 /* ImageViewExtension.swift in Sources */ = {isa = PBXBuildFile; fileRef = 57DE265E250F9A7B00EEA247 /* ImageViewExtension.swift */; };
		57DE2662250FA34F00EEA247 /* TargetedExtension.swift in Sources */ = {isa = PBXBuildFile; fileRef = 57DE2661250FA34F00EEA247 /* TargetedExtension.swift */; };
		57DE2667250FA83000EEA247 /* ApiClient.swift in Sources */ = {isa = PBXBuildFile; fileRef = 57DE2666250FA83000EEA247 /* ApiClient.swift */; };
		57DE266C2510290400EEA247 /* UserListTableViewCell.swift in Sources */ = {isa = PBXBuildFile; fileRef = 57DE266A2510290400EEA247 /* UserListTableViewCell.swift */; };
		57DE266D2510290400EEA247 /* UserListTableViewCell.xib in Resources */ = {isa = PBXBuildFile; fileRef = 57DE266B2510290400EEA247 /* UserListTableViewCell.xib */; };
		57DE26702510293C00EEA247 /* RepositoryTableViewCell.swift in Sources */ = {isa = PBXBuildFile; fileRef = 57DE266E2510293C00EEA247 /* RepositoryTableViewCell.swift */; };
		57DE26712510293C00EEA247 /* RepositoryTableViewCell.xib in Resources */ = {isa = PBXBuildFile; fileRef = 57DE266F2510293C00EEA247 /* RepositoryTableViewCell.xib */; };
		57DE26732511076500EEA247 /* RxTest.framework in Frameworks */ = {isa = PBXBuildFile; fileRef = 57DE26722511076500EEA247 /* RxTest.framework */; };
		57DE26742511077300EEA247 /* RxBlocking.framework in Frameworks */ = {isa = PBXBuildFile; fileRef = 575148A5250D05D800766015 /* RxBlocking.framework */; };
		57DE267A251183EF00EEA247 /* UrlConfig.swift in Sources */ = {isa = PBXBuildFile; fileRef = 57DE2679251183EF00EEA247 /* UrlConfig.swift */; };
		57DE267D2511962F00EEA247 /* ApiRequestUserList.swift in Sources */ = {isa = PBXBuildFile; fileRef = 57DE267C2511962F00EEA247 /* ApiRequestUserList.swift */; };
		57DE267F25119D5F00EEA247 /* BaseApiRequestProtocol.swift in Sources */ = {isa = PBXBuildFile; fileRef = 57DE267E25119D5F00EEA247 /* BaseApiRequestProtocol.swift */; };
		57DE268225130CED00EEA247 /* ApiRequestUserData.swift in Sources */ = {isa = PBXBuildFile; fileRef = 57DE268125130CED00EEA247 /* ApiRequestUserData.swift */; };
		57DE26852513101F00EEA247 /* ApiRequestUserRepository.swift in Sources */ = {isa = PBXBuildFile; fileRef = 57DE26842513101F00EEA247 /* ApiRequestUserRepository.swift */; };
		57DE26882515C28800EEA247 /* RepositoryWebView.xib in Resources */ = {isa = PBXBuildFile; fileRef = 57DE26872515C28800EEA247 /* RepositoryWebView.xib */; };
		57DE268A2515C2CA00EEA247 /* RepositoryWebViewController.swift in Sources */ = {isa = PBXBuildFile; fileRef = 57DE26892515C2CA00EEA247 /* RepositoryWebViewController.swift */; };
/* End PBXBuildFile section */

/* Begin PBXContainerItemProxy section */
		572A907E250BD4CD002697DD /* PBXContainerItemProxy */ = {
			isa = PBXContainerItemProxy;
			containerPortal = 572A905F250BD4CA002697DD /* Project object */;
			proxyType = 1;
			remoteGlobalIDString = 572A9066250BD4CA002697DD;
			remoteInfo = GitHubAPIForRxSwift;
		};
		572A9089250BD4CE002697DD /* PBXContainerItemProxy */ = {
			isa = PBXContainerItemProxy;
			containerPortal = 572A905F250BD4CA002697DD /* Project object */;
			proxyType = 1;
			remoteGlobalIDString = 572A9066250BD4CA002697DD;
			remoteInfo = GitHubAPIForRxSwift;
		};
/* End PBXContainerItemProxy section */

/* Begin PBXCopyFilesBuildPhase section */
		5779986E2515EC58005B7F95 /* Embed Frameworks */ = {
			isa = PBXCopyFilesBuildPhase;
			buildActionMask = 2147483647;
			dstPath = "";
			dstSubfolderSpec = 10;
			files = (
				5779986D2515EC58005B7F95 /* RxWebKit.framework in Embed Frameworks */,
			);
			name = "Embed Frameworks";
			runOnlyForDeploymentPostprocessing = 0;
		};
/* End PBXCopyFilesBuildPhase section */

/* Begin PBXFileReference section */
		572A9067250BD4CA002697DD /* GitHubAPIForRxSwift.app */ = {isa = PBXFileReference; explicitFileType = wrapper.application; includeInIndex = 0; path = GitHubAPIForRxSwift.app; sourceTree = BUILT_PRODUCTS_DIR; };
		572A906A250BD4CA002697DD /* AppDelegate.swift */ = {isa = PBXFileReference; lastKnownFileType = sourcecode.swift; path = AppDelegate.swift; sourceTree = "<group>"; };
		572A906C250BD4CA002697DD /* SceneDelegate.swift */ = {isa = PBXFileReference; lastKnownFileType = sourcecode.swift; path = SceneDelegate.swift; sourceTree = "<group>"; };
		572A9073250BD4CD002697DD /* Assets.xcassets */ = {isa = PBXFileReference; lastKnownFileType = folder.assetcatalog; path = Assets.xcassets; sourceTree = "<group>"; };
		572A9076250BD4CD002697DD /* Base */ = {isa = PBXFileReference; lastKnownFileType = file.storyboard; name = Base; path = Base.lproj/LaunchScreen.storyboard; sourceTree = "<group>"; };
		572A9078250BD4CD002697DD /* Info.plist */ = {isa = PBXFileReference; lastKnownFileType = text.plist.xml; path = Info.plist; sourceTree = "<group>"; };
		572A907D250BD4CD002697DD /* GitHubAPIForRxSwiftTests.xctest */ = {isa = PBXFileReference; explicitFileType = wrapper.cfbundle; includeInIndex = 0; path = GitHubAPIForRxSwiftTests.xctest; sourceTree = BUILT_PRODUCTS_DIR; };
		572A9081250BD4CE002697DD /* GitHubAPIForRxSwiftTests.swift */ = {isa = PBXFileReference; lastKnownFileType = sourcecode.swift; path = GitHubAPIForRxSwiftTests.swift; sourceTree = "<group>"; };
		572A9083250BD4CE002697DD /* Info.plist */ = {isa = PBXFileReference; lastKnownFileType = text.plist.xml; path = Info.plist; sourceTree = "<group>"; };
		572A9088250BD4CE002697DD /* GitHubAPIForRxSwiftUITests.xctest */ = {isa = PBXFileReference; explicitFileType = wrapper.cfbundle; includeInIndex = 0; path = GitHubAPIForRxSwiftUITests.xctest; sourceTree = BUILT_PRODUCTS_DIR; };
		572A908C250BD4CE002697DD /* GitHubAPIForRxSwiftUITests.swift */ = {isa = PBXFileReference; lastKnownFileType = sourcecode.swift; path = GitHubAPIForRxSwiftUITests.swift; sourceTree = "<group>"; };
		572A908E250BD4CE002697DD /* Info.plist */ = {isa = PBXFileReference; lastKnownFileType = text.plist.xml; path = Info.plist; sourceTree = "<group>"; };
		5751488C250D053600766015 /* RxDataSources.framework */ = {isa = PBXFileReference; lastKnownFileType = wrapper.framework; name = RxDataSources.framework; path = Carthage/Build/iOS/RxDataSources.framework; sourceTree = "<group>"; };
		57514890250D055D00766015 /* RxAlamofire.framework */ = {isa = PBXFileReference; lastKnownFileType = wrapper.framework; name = RxAlamofire.framework; path = Carthage/Build/iOS/RxAlamofire.framework; sourceTree = "<group>"; };
		57514893250D057D00766015 /* Differentiator.framework */ = {isa = PBXFileReference; lastKnownFileType = wrapper.framework; name = Differentiator.framework; path = Carthage/Build/iOS/Differentiator.framework; sourceTree = "<group>"; };
		57514896250D058E00766015 /* ObjectMapper.framework */ = {isa = PBXFileReference; lastKnownFileType = wrapper.framework; name = ObjectMapper.framework; path = Carthage/Build/iOS/ObjectMapper.framework; sourceTree = "<group>"; };
		57514899250D059E00766015 /* Alamofire.framework */ = {isa = PBXFileReference; lastKnownFileType = wrapper.framework; name = Alamofire.framework; path = Carthage/Build/iOS/Alamofire.framework; sourceTree = "<group>"; };
		5751489C250D05B600766015 /* RxRelay.framework */ = {isa = PBXFileReference; lastKnownFileType = wrapper.framework; name = RxRelay.framework; path = Carthage/Build/iOS/RxRelay.framework; sourceTree = "<group>"; };
		5751489F250D05C200766015 /* RxCocoa.framework */ = {isa = PBXFileReference; lastKnownFileType = wrapper.framework; name = RxCocoa.framework; path = Carthage/Build/iOS/RxCocoa.framework; sourceTree = "<group>"; };
		575148A2250D05CE00766015 /* RxSwift.framework */ = {isa = PBXFileReference; lastKnownFileType = wrapper.framework; name = RxSwift.framework; path = Carthage/Build/iOS/RxSwift.framework; sourceTree = "<group>"; };
		575148A5250D05D800766015 /* RxBlocking.framework */ = {isa = PBXFileReference; lastKnownFileType = wrapper.framework; name = RxBlocking.framework; path = Carthage/Build/iOS/RxBlocking.framework; sourceTree = "<group>"; };
		575148B2250E3B1800766015 /* UserListView.xib */ = {isa = PBXFileReference; lastKnownFileType = file.xib; path = UserListView.xib; sourceTree = "<group>"; };
		575148B4250E3B3100766015 /* UserRepositoryView.xib */ = {isa = PBXFileReference; lastKnownFileType = file.xib; path = UserRepositoryView.xib; sourceTree = "<group>"; };
		575148B6250E3BDD00766015 /* UserListViewController.swift */ = {isa = PBXFileReference; lastKnownFileType = sourcecode.swift; path = UserListViewController.swift; sourceTree = "<group>"; };
		575148B8250E3BEB00766015 /* UserRepositoryViewController.swift */ = {isa = PBXFileReference; lastKnownFileType = sourcecode.swift; path = UserRepositoryViewController.swift; sourceTree = "<group>"; };
		575148BA250E3C0300766015 /* UserRepositoryViewModel.swift */ = {isa = PBXFileReference; lastKnownFileType = sourcecode.swift; path = UserRepositoryViewModel.swift; sourceTree = "<group>"; };
		575148BC250E3C1100766015 /* UserListViewModel.swift */ = {isa = PBXFileReference; lastKnownFileType = sourcecode.swift; path = UserListViewModel.swift; sourceTree = "<group>"; };
		575148BE250E412F00766015 /* UserList.swift */ = {isa = PBXFileReference; lastKnownFileType = sourcecode.swift; path = UserList.swift; sourceTree = "<group>"; };
		575148C0250E41CE00766015 /* UserRepository.swift */ = {isa = PBXFileReference; lastKnownFileType = sourcecode.swift; path = UserRepository.swift; sourceTree = "<group>"; };
		575148C4250E457B00766015 /* Nuke.framework */ = {isa = PBXFileReference; lastKnownFileType = wrapper.framework; name = Nuke.framework; path = Carthage/Build/iOS/Nuke.framework; sourceTree = "<group>"; };
		5779986B2515EC58005B7F95 /* RxWebKit.framework */ = {isa = PBXFileReference; lastKnownFileType = wrapper.framework; name = RxWebKit.framework; path = Carthage/Build/iOS/RxWebKit.framework; sourceTree = "<group>"; };
		57DE265E250F9A7B00EEA247 /* ImageViewExtension.swift */ = {isa = PBXFileReference; lastKnownFileType = sourcecode.swift; path = ImageViewExtension.swift; sourceTree = "<group>"; };
		57DE2661250FA34F00EEA247 /* TargetedExtension.swift */ = {isa = PBXFileReference; lastKnownFileType = sourcecode.swift; path = TargetedExtension.swift; sourceTree = "<group>"; };
		57DE2666250FA83000EEA247 /* ApiClient.swift */ = {isa = PBXFileReference; lastKnownFileType = sourcecode.swift; path = ApiClient.swift; sourceTree = "<group>"; };
		57DE266A2510290400EEA247 /* UserListTableViewCell.swift */ = {isa = PBXFileReference; lastKnownFileType = sourcecode.swift; path = UserListTableViewCell.swift; sourceTree = "<group>"; };
		57DE266B2510290400EEA247 /* UserListTableViewCell.xib */ = {isa = PBXFileReference; lastKnownFileType = file.xib; path = UserListTableViewCell.xib; sourceTree = "<group>"; };
		57DE266E2510293C00EEA247 /* RepositoryTableViewCell.swift */ = {isa = PBXFileReference; lastKnownFileType = sourcecode.swift; path = RepositoryTableViewCell.swift; sourceTree = "<group>"; };
		57DE266F2510293C00EEA247 /* RepositoryTableViewCell.xib */ = {isa = PBXFileReference; lastKnownFileType = file.xib; path = RepositoryTableViewCell.xib; sourceTree = "<group>"; };
		57DE26722511076500EEA247 /* RxTest.framework */ = {isa = PBXFileReference; lastKnownFileType = wrapper.framework; name = RxTest.framework; path = Carthage/Build/iOS/RxTest.framework; sourceTree = "<group>"; };
		57DE2679251183EF00EEA247 /* UrlConfig.swift */ = {isa = PBXFileReference; lastKnownFileType = sourcecode.swift; path = UrlConfig.swift; sourceTree = "<group>"; };
		57DE267C2511962F00EEA247 /* ApiRequestUserList.swift */ = {isa = PBXFileReference; lastKnownFileType = sourcecode.swift; path = ApiRequestUserList.swift; sourceTree = "<group>"; };
		57DE267E25119D5F00EEA247 /* BaseApiRequestProtocol.swift */ = {isa = PBXFileReference; lastKnownFileType = sourcecode.swift; path = BaseApiRequestProtocol.swift; sourceTree = "<group>"; };
		57DE268125130CED00EEA247 /* ApiRequestUserData.swift */ = {isa = PBXFileReference; lastKnownFileType = sourcecode.swift; path = ApiRequestUserData.swift; sourceTree = "<group>"; };
		57DE26842513101F00EEA247 /* ApiRequestUserRepository.swift */ = {isa = PBXFileReference; lastKnownFileType = sourcecode.swift; path = ApiRequestUserRepository.swift; sourceTree = "<group>"; };
		57DE26872515C28800EEA247 /* RepositoryWebView.xib */ = {isa = PBXFileReference; lastKnownFileType = file.xib; path = RepositoryWebView.xib; sourceTree = "<group>"; };
		57DE26892515C2CA00EEA247 /* RepositoryWebViewController.swift */ = {isa = PBXFileReference; lastKnownFileType = sourcecode.swift; path = RepositoryWebViewController.swift; sourceTree = "<group>"; };
/* End PBXFileReference section */

/* Begin PBXFrameworksBuildPhase section */
		572A9064250BD4CA002697DD /* Frameworks */ = {
			isa = PBXFrameworksBuildPhase;
			buildActionMask = 2147483647;
			files = (
				5751488D250D053600766015 /* RxDataSources.framework in Frameworks */,
				575148A0250D05C200766015 /* RxCocoa.framework in Frameworks */,
				575148A3250D05CE00766015 /* RxSwift.framework in Frameworks */,
				57514897250D058E00766015 /* ObjectMapper.framework in Frameworks */,
				5751489A250D059E00766015 /* Alamofire.framework in Frameworks */,
				57514891250D055D00766015 /* RxAlamofire.framework in Frameworks */,
				5779986C2515EC58005B7F95 /* RxWebKit.framework in Frameworks */,
				575148C5250E457B00766015 /* Nuke.framework in Frameworks */,
			);
			runOnlyForDeploymentPostprocessing = 0;
		};
		572A907A250BD4CD002697DD /* Frameworks */ = {
			isa = PBXFrameworksBuildPhase;
			buildActionMask = 2147483647;
			files = (
				57DE26742511077300EEA247 /* RxBlocking.framework in Frameworks */,
				57DE26732511076500EEA247 /* RxTest.framework in Frameworks */,
			);
			runOnlyForDeploymentPostprocessing = 0;
		};
		572A9085250BD4CE002697DD /* Frameworks */ = {
			isa = PBXFrameworksBuildPhase;
			buildActionMask = 2147483647;
			files = (
			);
			runOnlyForDeploymentPostprocessing = 0;
		};
/* End PBXFrameworksBuildPhase section */

/* Begin PBXGroup section */
		572A905E250BD4CA002697DD = {
			isa = PBXGroup;
			children = (
				572A9069250BD4CA002697DD /* GitHubAPIForRxSwift */,
				572A9080250BD4CE002697DD /* GitHubAPIForRxSwiftTests */,
				572A908B250BD4CE002697DD /* GitHubAPIForRxSwiftUITests */,
				572A9068250BD4CA002697DD /* Products */,
				5751488B250D053500766015 /* Frameworks */,
			);
			sourceTree = "<group>";
		};
		572A9068250BD4CA002697DD /* Products */ = {
			isa = PBXGroup;
			children = (
				572A9067250BD4CA002697DD /* GitHubAPIForRxSwift.app */,
				572A907D250BD4CD002697DD /* GitHubAPIForRxSwiftTests.xctest */,
				572A9088250BD4CE002697DD /* GitHubAPIForRxSwiftUITests.xctest */,
			);
			name = Products;
			sourceTree = "<group>";
		};
		572A9069250BD4CA002697DD /* GitHubAPIForRxSwift */ = {
			isa = PBXGroup;
			children = (
				57DE267B251195CE00EEA247 /* API */,
				57DE2660250FA1C700EEA247 /* Common */,
				57DE265D250F99E300EEA247 /* Extension */,
				575148A9250E394300766015 /* UI */,
				572A906A250BD4CA002697DD /* AppDelegate.swift */,
				572A906C250BD4CA002697DD /* SceneDelegate.swift */,
				572A9073250BD4CD002697DD /* Assets.xcassets */,
				572A9075250BD4CD002697DD /* LaunchScreen.storyboard */,
				572A9078250BD4CD002697DD /* Info.plist */,
			);
			path = GitHubAPIForRxSwift;
			sourceTree = "<group>";
		};
		572A9080250BD4CE002697DD /* GitHubAPIForRxSwiftTests */ = {
			isa = PBXGroup;
			children = (
				572A9081250BD4CE002697DD /* GitHubAPIForRxSwiftTests.swift */,
				572A9083250BD4CE002697DD /* Info.plist */,
			);
			path = GitHubAPIForRxSwiftTests;
			sourceTree = "<group>";
		};
		572A908B250BD4CE002697DD /* GitHubAPIForRxSwiftUITests */ = {
			isa = PBXGroup;
			children = (
				572A908C250BD4CE002697DD /* GitHubAPIForRxSwiftUITests.swift */,
				572A908E250BD4CE002697DD /* Info.plist */,
			);
			path = GitHubAPIForRxSwiftUITests;
			sourceTree = "<group>";
		};
		5751488B250D053500766015 /* Frameworks */ = {
			isa = PBXGroup;
			children = (
				5779986B2515EC58005B7F95 /* RxWebKit.framework */,
				57DE26722511076500EEA247 /* RxTest.framework */,
				575148C4250E457B00766015 /* Nuke.framework */,
				575148A5250D05D800766015 /* RxBlocking.framework */,
				575148A2250D05CE00766015 /* RxSwift.framework */,
				5751489F250D05C200766015 /* RxCocoa.framework */,
				5751489C250D05B600766015 /* RxRelay.framework */,
				57514899250D059E00766015 /* Alamofire.framework */,
				57514896250D058E00766015 /* ObjectMapper.framework */,
				57514893250D057D00766015 /* Differentiator.framework */,
				57514890250D055D00766015 /* RxAlamofire.framework */,
				5751488C250D053600766015 /* RxDataSources.framework */,
			);
			name = Frameworks;
			sourceTree = "<group>";
		};
		575148A9250E394300766015 /* UI */ = {
			isa = PBXGroup;
			children = (
				57DE26862515C24000EEA247 /* WebView */,
				575148AB250E395800766015 /* UserRepository */,
				575148AA250E394E00766015 /* UserList */,
			);
			path = UI;
			sourceTree = "<group>";
		};
		575148AA250E394E00766015 /* UserList */ = {
			isa = PBXGroup;
			children = (
				575148B1250E3AA900766015 /* Model */,
				575148AE250E3A8E00766015 /* ViewModel */,
				575148AC250E3A0A00766015 /* View */,
			);
			path = UserList;
			sourceTree = "<group>";
		};
		575148AB250E395800766015 /* UserRepository */ = {
			isa = PBXGroup;
			children = (
				575148B0250E3AA000766015 /* Model */,
				575148AF250E3A9800766015 /* ViewModel */,
				575148AD250E3A1300766015 /* View */,
			);
			path = UserRepository;
			sourceTree = "<group>";
		};
		575148AC250E3A0A00766015 /* View */ = {
			isa = PBXGroup;
			children = (
				57DE26772511730500EEA247 /* Cell */,
				575148B6250E3BDD00766015 /* UserListViewController.swift */,
				575148B2250E3B1800766015 /* UserListView.xib */,
			);
			path = View;
			sourceTree = "<group>";
		};
		575148AD250E3A1300766015 /* View */ = {
			isa = PBXGroup;
			children = (
				57DE26802512138100EEA247 /* Cell */,
				575148B8250E3BEB00766015 /* UserRepositoryViewController.swift */,
				575148B4250E3B3100766015 /* UserRepositoryView.xib */,
			);
			path = View;
			sourceTree = "<group>";
		};
		575148AE250E3A8E00766015 /* ViewModel */ = {
			isa = PBXGroup;
			children = (
				575148BC250E3C1100766015 /* UserListViewModel.swift */,
			);
			path = ViewModel;
			sourceTree = "<group>";
		};
		575148AF250E3A9800766015 /* ViewModel */ = {
			isa = PBXGroup;
			children = (
				575148BA250E3C0300766015 /* UserRepositoryViewModel.swift */,
			);
			path = ViewModel;
			sourceTree = "<group>";
		};
		575148B0250E3AA000766015 /* Model */ = {
			isa = PBXGroup;
			children = (
				575148C0250E41CE00766015 /* UserRepository.swift */,
			);
			path = Model;
			sourceTree = "<group>";
		};
		575148B1250E3AA900766015 /* Model */ = {
			isa = PBXGroup;
			children = (
				575148BE250E412F00766015 /* UserList.swift */,
			);
			path = Model;
			sourceTree = "<group>";
		};
		57DE265D250F99E300EEA247 /* Extension */ = {
			isa = PBXGroup;
			children = (
				57DE265E250F9A7B00EEA247 /* ImageViewExtension.swift */,
				57DE2661250FA34F00EEA247 /* TargetedExtension.swift */,
			);
			path = Extension;
			sourceTree = "<group>";
		};
		57DE2660250FA1C700EEA247 /* Common */ = {
			isa = PBXGroup;
			children = (
			);
			path = Common;
			sourceTree = "<group>";
		};
		57DE2665250FA82000EEA247 /* Client */ = {
			isa = PBXGroup;
			children = (
				57DE2666250FA83000EEA247 /* ApiClient.swift */,
			);
			path = Client;
			sourceTree = "<group>";
		};
		57DE26772511730500EEA247 /* Cell */ = {
			isa = PBXGroup;
			children = (
				57DE266A2510290400EEA247 /* UserListTableViewCell.swift */,
				57DE266B2510290400EEA247 /* UserListTableViewCell.xib */,
			);
			path = Cell;
			sourceTree = "<group>";
		};
		57DE2678251183CD00EEA247 /* Config */ = {
			isa = PBXGroup;
			children = (
				57DE2679251183EF00EEA247 /* UrlConfig.swift */,
			);
			path = Config;
			sourceTree = "<group>";
		};
		57DE267B251195CE00EEA247 /* API */ = {
			isa = PBXGroup;
			children = (
				57DE268325130D1A00EEA247 /* Request */,
				57DE2678251183CD00EEA247 /* Config */,
				57DE2665250FA82000EEA247 /* Client */,
			);
			path = API;
			sourceTree = "<group>";
		};
		57DE26802512138100EEA247 /* Cell */ = {
			isa = PBXGroup;
			children = (
				57DE266E2510293C00EEA247 /* RepositoryTableViewCell.swift */,
				57DE266F2510293C00EEA247 /* RepositoryTableViewCell.xib */,
			);
			path = Cell;
			sourceTree = "<group>";
		};
		57DE268325130D1A00EEA247 /* Request */ = {
			isa = PBXGroup;
			children = (
				57DE267E25119D5F00EEA247 /* BaseApiRequestProtocol.swift */,
				57DE267C2511962F00EEA247 /* ApiRequestUserList.swift */,
				57DE268125130CED00EEA247 /* ApiRequestUserData.swift */,
				57DE26842513101F00EEA247 /* ApiRequestUserRepository.swift */,
			);
			path = Request;
			sourceTree = "<group>";
		};
		57DE26862515C24000EEA247 /* WebView */ = {
			isa = PBXGroup;
			children = (
				57DE26892515C2CA00EEA247 /* RepositoryWebViewController.swift */,
				57DE26872515C28800EEA247 /* RepositoryWebView.xib */,
			);
			path = WebView;
			sourceTree = "<group>";
		};
/* End PBXGroup section */

/* Begin PBXNativeTarget section */
		572A9066250BD4CA002697DD /* GitHubAPIForRxSwift */ = {
			isa = PBXNativeTarget;
			buildConfigurationList = 572A9091250BD4CE002697DD /* Build configuration list for PBXNativeTarget "GitHubAPIForRxSwift" */;
			buildPhases = (
				572A9063250BD4CA002697DD /* Sources */,
				572A9064250BD4CA002697DD /* Frameworks */,
				572A9065250BD4CA002697DD /* Resources */,
				575148A8250D05F800766015 /* Carthage Script */,
				5779986E2515EC58005B7F95 /* Embed Frameworks */,
			);
			buildRules = (
			);
			dependencies = (
			);
			name = GitHubAPIForRxSwift;
			productName = GitHubAPIForRxSwift;
			productReference = 572A9067250BD4CA002697DD /* GitHubAPIForRxSwift.app */;
			productType = "com.apple.product-type.application";
		};
		572A907C250BD4CD002697DD /* GitHubAPIForRxSwiftTests */ = {
			isa = PBXNativeTarget;
			buildConfigurationList = 572A9094250BD4CE002697DD /* Build configuration list for PBXNativeTarget "GitHubAPIForRxSwiftTests" */;
			buildPhases = (
				572A9079250BD4CD002697DD /* Sources */,
				572A907A250BD4CD002697DD /* Frameworks */,
				572A907B250BD4CD002697DD /* Resources */,
				57DE26762511080900EEA247 /* Carthage Script */,
			);
			buildRules = (
			);
			dependencies = (
				572A907F250BD4CD002697DD /* PBXTargetDependency */,
			);
			name = GitHubAPIForRxSwiftTests;
			productName = GitHubAPIForRxSwiftTests;
			productReference = 572A907D250BD4CD002697DD /* GitHubAPIForRxSwiftTests.xctest */;
			productType = "com.apple.product-type.bundle.unit-test";
		};
		572A9087250BD4CE002697DD /* GitHubAPIForRxSwiftUITests */ = {
			isa = PBXNativeTarget;
			buildConfigurationList = 572A9097250BD4CE002697DD /* Build configuration list for PBXNativeTarget "GitHubAPIForRxSwiftUITests" */;
			buildPhases = (
				572A9084250BD4CE002697DD /* Sources */,
				572A9085250BD4CE002697DD /* Frameworks */,
				572A9086250BD4CE002697DD /* Resources */,
			);
			buildRules = (
			);
			dependencies = (
				572A908A250BD4CE002697DD /* PBXTargetDependency */,
			);
			name = GitHubAPIForRxSwiftUITests;
			productName = GitHubAPIForRxSwiftUITests;
			productReference = 572A9088250BD4CE002697DD /* GitHubAPIForRxSwiftUITests.xctest */;
			productType = "com.apple.product-type.bundle.ui-testing";
		};
/* End PBXNativeTarget section */

/* Begin PBXProject section */
		572A905F250BD4CA002697DD /* Project object */ = {
			isa = PBXProject;
			attributes = {
				LastSwiftUpdateCheck = 1140;
				LastUpgradeCheck = 1140;
				ORGANIZATIONNAME = "Isami Odagiri";
				TargetAttributes = {
					572A9066250BD4CA002697DD = {
						CreatedOnToolsVersion = 11.4.1;
					};
					572A907C250BD4CD002697DD = {
						CreatedOnToolsVersion = 11.4.1;
						TestTargetID = 572A9066250BD4CA002697DD;
					};
					572A9087250BD4CE002697DD = {
						CreatedOnToolsVersion = 11.4.1;
						TestTargetID = 572A9066250BD4CA002697DD;
					};
				};
			};
			buildConfigurationList = 572A9062250BD4CA002697DD /* Build configuration list for PBXProject "GitHubAPIForRxSwift" */;
			compatibilityVersion = "Xcode 9.3";
			developmentRegion = en;
			hasScannedForEncodings = 0;
			knownRegions = (
				en,
				Base,
			);
			mainGroup = 572A905E250BD4CA002697DD;
			productRefGroup = 572A9068250BD4CA002697DD /* Products */;
			projectDirPath = "";
			projectRoot = "";
			targets = (
				572A9066250BD4CA002697DD /* GitHubAPIForRxSwift */,
				572A907C250BD4CD002697DD /* GitHubAPIForRxSwiftTests */,
				572A9087250BD4CE002697DD /* GitHubAPIForRxSwiftUITests */,
			);
		};
/* End PBXProject section */

/* Begin PBXResourcesBuildPhase section */
		572A9065250BD4CA002697DD /* Resources */ = {
			isa = PBXResourcesBuildPhase;
			buildActionMask = 2147483647;
			files = (
				57DE266D2510290400EEA247 /* UserListTableViewCell.xib in Resources */,
				572A9077250BD4CD002697DD /* LaunchScreen.storyboard in Resources */,
				575148B5250E3B3100766015 /* UserRepositoryView.xib in Resources */,
				57DE26712510293C00EEA247 /* RepositoryTableViewCell.xib in Resources */,
				57DE26882515C28800EEA247 /* RepositoryWebView.xib in Resources */,
				572A9074250BD4CD002697DD /* Assets.xcassets in Resources */,
				575148B3250E3B1800766015 /* UserListView.xib in Resources */,
			);
			runOnlyForDeploymentPostprocessing = 0;
		};
		572A907B250BD4CD002697DD /* Resources */ = {
			isa = PBXResourcesBuildPhase;
			buildActionMask = 2147483647;
			files = (
			);
			runOnlyForDeploymentPostprocessing = 0;
		};
		572A9086250BD4CE002697DD /* Resources */ = {
			isa = PBXResourcesBuildPhase;
			buildActionMask = 2147483647;
			files = (
			);
			runOnlyForDeploymentPostprocessing = 0;
		};
/* End PBXResourcesBuildPhase section */

/* Begin PBXShellScriptBuildPhase section */
		575148A8250D05F800766015 /* Carthage Script */ = {
			isa = PBXShellScriptBuildPhase;
			buildActionMask = 2147483647;
			files = (
			);
			inputFileListPaths = (
			);
			inputPaths = (
				"$(SRCROOT)/Carthage/Build/iOS/Alamofire.framework",
				"$(SRCROOT)/Carthage/Build/iOS/RxSwift.framework",
				"$(SRCROOT)/Carthage/Build/iOS/RxDataSources.framework",
				"$(SRCROOT)/Carthage/Build/iOS/RxCocoa.framework",
				"$(SRCROOT)/Carthage/Build/iOS/RxAlamofire.framework",
				"$(SRCROOT)/Carthage/Build/iOS/ObjectMapper.framework",
				"$(SRCROOT)/Carthage/Build/iOS/Nuke.framework",
				"$(SRCROOT)/Carthage/Build/iOS/Differentiator.framework",
				"$(SRCROOT)/Carthage/Build/iOS/RxRelay.framework",
				"$(SRCROOT)/carthage/Build/iOS/RxWebKit.framework",
			);
			name = "Carthage Script";
			outputFileListPaths = (
			);
			outputPaths = (
			);
			runOnlyForDeploymentPostprocessing = 0;
			shellPath = /bin/sh;
			shellScript = "/usr/local/bin/carthage copy-frameworks\n";
		};
		57DE26762511080900EEA247 /* Carthage Script */ = {
			isa = PBXShellScriptBuildPhase;
			buildActionMask = 2147483647;
			files = (
			);
			inputFileListPaths = (
			);
			inputPaths = (
				"$(SRCROOT)/Carthage/Build/iOS/RxBlocking.framework",
				"$(SRCROOT)/Carthage/Build/iOS/RxTest.framework",
			);
			name = "Carthage Script";
			outputFileListPaths = (
			);
			outputPaths = (
			);
			runOnlyForDeploymentPostprocessing = 0;
			shellPath = /bin/sh;
			shellScript = "/usr/local/bin/carthage copy-frameworks\n";
		};
/* End PBXShellScriptBuildPhase section */

/* Begin PBXSourcesBuildPhase section */
		572A9063250BD4CA002697DD /* Sources */ = {
			isa = PBXSourcesBuildPhase;
			buildActionMask = 2147483647;
			files = (
				57DE267D2511962F00EEA247 /* ApiRequestUserList.swift in Sources */,
				572A906B250BD4CA002697DD /* AppDelegate.swift in Sources */,
				57DE268A2515C2CA00EEA247 /* RepositoryWebViewController.swift in Sources */,
				572A906D250BD4CA002697DD /* SceneDelegate.swift in Sources */,
				57DE266C2510290400EEA247 /* UserListTableViewCell.swift in Sources */,
				57DE268225130CED00EEA247 /* ApiRequestUserData.swift in Sources */,
				575148C1250E41CE00766015 /* UserRepository.swift in Sources */,
				57DE267A251183EF00EEA247 /* UrlConfig.swift in Sources */,
				575148BD250E3C1100766015 /* UserListViewModel.swift in Sources */,
				57DE265F250F9A7B00EEA247 /* ImageViewExtension.swift in Sources */,
				57DE2662250FA34F00EEA247 /* TargetedExtension.swift in Sources */,
				575148BB250E3C0300766015 /* UserRepositoryViewModel.swift in Sources */,
				57DE26702510293C00EEA247 /* RepositoryTableViewCell.swift in Sources */,
				575148B7250E3BDD00766015 /* UserListViewController.swift in Sources */,
				575148BF250E412F00766015 /* UserList.swift in Sources */,
				575148B9250E3BEB00766015 /* UserRepositoryViewController.swift in Sources */,
				57DE2667250FA83000EEA247 /* ApiClient.swift in Sources */,
				57DE267F25119D5F00EEA247 /* BaseApiRequestProtocol.swift in Sources */,
				57DE26852513101F00EEA247 /* ApiRequestUserRepository.swift in Sources */,
			);
			runOnlyForDeploymentPostprocessing = 0;
		};
		572A9079250BD4CD002697DD /* Sources */ = {
			isa = PBXSourcesBuildPhase;
			buildActionMask = 2147483647;
			files = (
				572A9082250BD4CE002697DD /* GitHubAPIForRxSwiftTests.swift in Sources */,
			);
			runOnlyForDeploymentPostprocessing = 0;
		};
		572A9084250BD4CE002697DD /* Sources */ = {
			isa = PBXSourcesBuildPhase;
			buildActionMask = 2147483647;
			files = (
				572A908D250BD4CE002697DD /* GitHubAPIForRxSwiftUITests.swift in Sources */,
			);
			runOnlyForDeploymentPostprocessing = 0;
		};
/* End PBXSourcesBuildPhase section */

/* Begin PBXTargetDependency section */
		572A907F250BD4CD002697DD /* PBXTargetDependency */ = {
			isa = PBXTargetDependency;
			target = 572A9066250BD4CA002697DD /* GitHubAPIForRxSwift */;
			targetProxy = 572A907E250BD4CD002697DD /* PBXContainerItemProxy */;
		};
		572A908A250BD4CE002697DD /* PBXTargetDependency */ = {
			isa = PBXTargetDependency;
			target = 572A9066250BD4CA002697DD /* GitHubAPIForRxSwift */;
			targetProxy = 572A9089250BD4CE002697DD /* PBXContainerItemProxy */;
		};
/* End PBXTargetDependency section */

/* Begin PBXVariantGroup section */
		572A9075250BD4CD002697DD /* LaunchScreen.storyboard */ = {
			isa = PBXVariantGroup;
			children = (
				572A9076250BD4CD002697DD /* Base */,
			);
			name = LaunchScreen.storyboard;
			sourceTree = "<group>";
		};
/* End PBXVariantGroup section */

/* Begin XCBuildConfiguration section */
		572A908F250BD4CE002697DD /* Debug */ = {
			isa = XCBuildConfiguration;
			buildSettings = {
				ALWAYS_SEARCH_USER_PATHS = NO;
				CLANG_ANALYZER_NONNULL = YES;
				CLANG_ANALYZER_NUMBER_OBJECT_CONVERSION = YES_AGGRESSIVE;
				CLANG_CXX_LANGUAGE_STANDARD = "gnu++14";
				CLANG_CXX_LIBRARY = "libc++";
				CLANG_ENABLE_MODULES = YES;
				CLANG_ENABLE_OBJC_ARC = YES;
				CLANG_ENABLE_OBJC_WEAK = YES;
				CLANG_WARN_BLOCK_CAPTURE_AUTORELEASING = YES;
				CLANG_WARN_BOOL_CONVERSION = YES;
				CLANG_WARN_COMMA = YES;
				CLANG_WARN_CONSTANT_CONVERSION = YES;
				CLANG_WARN_DEPRECATED_OBJC_IMPLEMENTATIONS = YES;
				CLANG_WARN_DIRECT_OBJC_ISA_USAGE = YES_ERROR;
				CLANG_WARN_DOCUMENTATION_COMMENTS = YES;
				CLANG_WARN_EMPTY_BODY = YES;
				CLANG_WARN_ENUM_CONVERSION = YES;
				CLANG_WARN_INFINITE_RECURSION = YES;
				CLANG_WARN_INT_CONVERSION = YES;
				CLANG_WARN_NON_LITERAL_NULL_CONVERSION = YES;
				CLANG_WARN_OBJC_IMPLICIT_RETAIN_SELF = YES;
				CLANG_WARN_OBJC_LITERAL_CONVERSION = YES;
				CLANG_WARN_OBJC_ROOT_CLASS = YES_ERROR;
				CLANG_WARN_RANGE_LOOP_ANALYSIS = YES;
				CLANG_WARN_STRICT_PROTOTYPES = YES;
				CLANG_WARN_SUSPICIOUS_MOVE = YES;
				CLANG_WARN_UNGUARDED_AVAILABILITY = YES_AGGRESSIVE;
				CLANG_WARN_UNREACHABLE_CODE = YES;
				CLANG_WARN__DUPLICATE_METHOD_MATCH = YES;
				COPY_PHASE_STRIP = NO;
				DEBUG_INFORMATION_FORMAT = dwarf;
				ENABLE_STRICT_OBJC_MSGSEND = YES;
				ENABLE_TESTABILITY = YES;
				GCC_C_LANGUAGE_STANDARD = gnu11;
				GCC_DYNAMIC_NO_PIC = NO;
				GCC_NO_COMMON_BLOCKS = YES;
				GCC_OPTIMIZATION_LEVEL = 0;
				GCC_PREPROCESSOR_DEFINITIONS = (
					"DEBUG=1",
					"$(inherited)",
				);
				GCC_WARN_64_TO_32_BIT_CONVERSION = YES;
				GCC_WARN_ABOUT_RETURN_TYPE = YES_ERROR;
				GCC_WARN_UNDECLARED_SELECTOR = YES;
				GCC_WARN_UNINITIALIZED_AUTOS = YES_AGGRESSIVE;
				GCC_WARN_UNUSED_FUNCTION = YES;
				GCC_WARN_UNUSED_VARIABLE = YES;
				IPHONEOS_DEPLOYMENT_TARGET = 13.4;
				MTL_ENABLE_DEBUG_INFO = INCLUDE_SOURCE;
				MTL_FAST_MATH = YES;
				ONLY_ACTIVE_ARCH = YES;
				SDKROOT = iphoneos;
				SWIFT_ACTIVE_COMPILATION_CONDITIONS = DEBUG;
				SWIFT_OPTIMIZATION_LEVEL = "-Onone";
			};
			name = Debug;
		};
		572A9090250BD4CE002697DD /* Release */ = {
			isa = XCBuildConfiguration;
			buildSettings = {
				ALWAYS_SEARCH_USER_PATHS = NO;
				CLANG_ANALYZER_NONNULL = YES;
				CLANG_ANALYZER_NUMBER_OBJECT_CONVERSION = YES_AGGRESSIVE;
				CLANG_CXX_LANGUAGE_STANDARD = "gnu++14";
				CLANG_CXX_LIBRARY = "libc++";
				CLANG_ENABLE_MODULES = YES;
				CLANG_ENABLE_OBJC_ARC = YES;
				CLANG_ENABLE_OBJC_WEAK = YES;
				CLANG_WARN_BLOCK_CAPTURE_AUTORELEASING = YES;
				CLANG_WARN_BOOL_CONVERSION = YES;
				CLANG_WARN_COMMA = YES;
				CLANG_WARN_CONSTANT_CONVERSION = YES;
				CLANG_WARN_DEPRECATED_OBJC_IMPLEMENTATIONS = YES;
				CLANG_WARN_DIRECT_OBJC_ISA_USAGE = YES_ERROR;
				CLANG_WARN_DOCUMENTATION_COMMENTS = YES;
				CLANG_WARN_EMPTY_BODY = YES;
				CLANG_WARN_ENUM_CONVERSION = YES;
				CLANG_WARN_INFINITE_RECURSION = YES;
				CLANG_WARN_INT_CONVERSION = YES;
				CLANG_WARN_NON_LITERAL_NULL_CONVERSION = YES;
				CLANG_WARN_OBJC_IMPLICIT_RETAIN_SELF = YES;
				CLANG_WARN_OBJC_LITERAL_CONVERSION = YES;
				CLANG_WARN_OBJC_ROOT_CLASS = YES_ERROR;
				CLANG_WARN_RANGE_LOOP_ANALYSIS = YES;
				CLANG_WARN_STRICT_PROTOTYPES = YES;
				CLANG_WARN_SUSPICIOUS_MOVE = YES;
				CLANG_WARN_UNGUARDED_AVAILABILITY = YES_AGGRESSIVE;
				CLANG_WARN_UNREACHABLE_CODE = YES;
				CLANG_WARN__DUPLICATE_METHOD_MATCH = YES;
				COPY_PHASE_STRIP = NO;
				DEBUG_INFORMATION_FORMAT = "dwarf-with-dsym";
				ENABLE_NS_ASSERTIONS = NO;
				ENABLE_STRICT_OBJC_MSGSEND = YES;
				GCC_C_LANGUAGE_STANDARD = gnu11;
				GCC_NO_COMMON_BLOCKS = YES;
				GCC_WARN_64_TO_32_BIT_CONVERSION = YES;
				GCC_WARN_ABOUT_RETURN_TYPE = YES_ERROR;
				GCC_WARN_UNDECLARED_SELECTOR = YES;
				GCC_WARN_UNINITIALIZED_AUTOS = YES_AGGRESSIVE;
				GCC_WARN_UNUSED_FUNCTION = YES;
				GCC_WARN_UNUSED_VARIABLE = YES;
				IPHONEOS_DEPLOYMENT_TARGET = 13.4;
				MTL_ENABLE_DEBUG_INFO = NO;
				MTL_FAST_MATH = YES;
				SDKROOT = iphoneos;
				SWIFT_COMPILATION_MODE = wholemodule;
				SWIFT_OPTIMIZATION_LEVEL = "-O";
				VALIDATE_PRODUCT = YES;
			};
			name = Release;
		};
		572A9092250BD4CE002697DD /* Debug */ = {
			isa = XCBuildConfiguration;
			buildSettings = {
				ASSETCATALOG_COMPILER_APPICON_NAME = AppIcon;
				CODE_SIGN_STYLE = Automatic;
				FRAMEWORK_SEARCH_PATHS = (
					"$(inherited)",
					"$(PROJECT_DIR)/Carthage/Build/iOS",
				);
				INFOPLIST_FILE = GitHubAPIForRxSwift/Info.plist;
				LD_RUNPATH_SEARCH_PATHS = (
					"$(inherited)",
					"@executable_path/Frameworks",
				);
				MARKETING_VERSION = 1.0.0;
				PRODUCT_BUNDLE_IDENTIFIER = Isami.GitHubAPIForRxSwift;
				PRODUCT_NAME = "$(TARGET_NAME)";
				SWIFT_VERSION = 5.0;
				TARGETED_DEVICE_FAMILY = 1;
			};
			name = Debug;
		};
		572A9093250BD4CE002697DD /* Release */ = {
			isa = XCBuildConfiguration;
			buildSettings = {
				ASSETCATALOG_COMPILER_APPICON_NAME = AppIcon;
				CODE_SIGN_STYLE = Automatic;
				FRAMEWORK_SEARCH_PATHS = (
					"$(inherited)",
					"$(PROJECT_DIR)/Carthage/Build/iOS",
				);
				INFOPLIST_FILE = GitHubAPIForRxSwift/Info.plist;
				LD_RUNPATH_SEARCH_PATHS = (
					"$(inherited)",
					"@executable_path/Frameworks",
				);
				MARKETING_VERSION = 1.0.0;
				PRODUCT_BUNDLE_IDENTIFIER = Isami.GitHubAPIForRxSwift;
				PRODUCT_NAME = "$(TARGET_NAME)";
				SWIFT_VERSION = 5.0;
				TARGETED_DEVICE_FAMILY = 1;
			};
			name = Release;
		};
		572A9095250BD4CE002697DD /* Debug */ = {
			isa = XCBuildConfiguration;
			buildSettings = {
				ALWAYS_EMBED_SWIFT_STANDARD_LIBRARIES = YES;
				BUNDLE_LOADER = "$(TEST_HOST)";
				CODE_SIGN_STYLE = Automatic;
				FRAMEWORK_SEARCH_PATHS = (
					"$(inherited)",
					"$(PROJECT_DIR)/Carthage/Build/iOS",
				);
				INFOPLIST_FILE = GitHubAPIForRxSwiftTests/Info.plist;
				IPHONEOS_DEPLOYMENT_TARGET = 13.4;
				LD_RUNPATH_SEARCH_PATHS = (
					"$(inherited)",
					"@executable_path/Frameworks",
					"@loader_path/Frameworks",
				);
				PRODUCT_BUNDLE_IDENTIFIER = Isami.GitHubAPIForRxSwiftTests;
				PRODUCT_NAME = "$(TARGET_NAME)";
				SWIFT_VERSION = 5.0;
				TARGETED_DEVICE_FAMILY = "1,2";
				TEST_HOST = "$(BUILT_PRODUCTS_DIR)/GitHubAPIForRxSwift.app/GitHubAPIForRxSwift";
			};
			name = Debug;
		};
		572A9096250BD4CE002697DD /* Release */ = {
			isa = XCBuildConfiguration;
			buildSettings = {
				ALWAYS_EMBED_SWIFT_STANDARD_LIBRARIES = YES;
				BUNDLE_LOADER = "$(TEST_HOST)";
				CODE_SIGN_STYLE = Automatic;
				FRAMEWORK_SEARCH_PATHS = (
					"$(inherited)",
					"$(PROJECT_DIR)/Carthage/Build/iOS",
				);
				INFOPLIST_FILE = GitHubAPIForRxSwiftTests/Info.plist;
				IPHONEOS_DEPLOYMENT_TARGET = 13.4;
				LD_RUNPATH_SEARCH_PATHS = (
					"$(inherited)",
					"@executable_path/Frameworks",
					"@loader_path/Frameworks",
				);
				PRODUCT_BUNDLE_IDENTIFIER = Isami.GitHubAPIForRxSwiftTests;
				PRODUCT_NAME = "$(TARGET_NAME)";
				SWIFT_VERSION = 5.0;
				TARGETED_DEVICE_FAMILY = "1,2";
				TEST_HOST = "$(BUILT_PRODUCTS_DIR)/GitHubAPIForRxSwift.app/GitHubAPIForRxSwift";
			};
			name = Release;
		};
		572A9098250BD4CE002697DD /* Debug */ = {
			isa = XCBuildConfiguration;
			buildSettings = {
				ALWAYS_EMBED_SWIFT_STANDARD_LIBRARIES = YES;
				CODE_SIGN_STYLE = Automatic;
				INFOPLIST_FILE = GitHubAPIForRxSwiftUITests/Info.plist;
				LD_RUNPATH_SEARCH_PATHS = (
					"$(inherited)",
					"@executable_path/Frameworks",
					"@loader_path/Frameworks",
				);
				PRODUCT_BUNDLE_IDENTIFIER = Isami.GitHubAPIForRxSwiftUITests;
				PRODUCT_NAME = "$(TARGET_NAME)";
				SWIFT_VERSION = 5.0;
				TARGETED_DEVICE_FAMILY = "1,2";
				TEST_TARGET_NAME = GitHubAPIForRxSwift;
			};
			name = Debug;
		};
		572A9099250BD4CE002697DD /* Release */ = {
			isa = XCBuildConfiguration;
			buildSettings = {
				ALWAYS_EMBED_SWIFT_STANDARD_LIBRARIES = YES;
				CODE_SIGN_STYLE = Automatic;
				INFOPLIST_FILE = GitHubAPIForRxSwiftUITests/Info.plist;
				LD_RUNPATH_SEARCH_PATHS = (
					"$(inherited)",
					"@executable_path/Frameworks",
					"@loader_path/Frameworks",
				);
				PRODUCT_BUNDLE_IDENTIFIER = Isami.GitHubAPIForRxSwiftUITests;
				PRODUCT_NAME = "$(TARGET_NAME)";
				SWIFT_VERSION = 5.0;
				TARGETED_DEVICE_FAMILY = "1,2";
				TEST_TARGET_NAME = GitHubAPIForRxSwift;
			};
			name = Release;
		};
/* End XCBuildConfiguration section */

/* Begin XCConfigurationList section */
		572A9062250BD4CA002697DD /* Build configuration list for PBXProject "GitHubAPIForRxSwift" */ = {
			isa = XCConfigurationList;
			buildConfigurations = (
				572A908F250BD4CE002697DD /* Debug */,
				572A9090250BD4CE002697DD /* Release */,
			);
			defaultConfigurationIsVisible = 0;
			defaultConfigurationName = Release;
		};
		572A9091250BD4CE002697DD /* Build configuration list for PBXNativeTarget "GitHubAPIForRxSwift" */ = {
			isa = XCConfigurationList;
			buildConfigurations = (
				572A9092250BD4CE002697DD /* Debug */,
				572A9093250BD4CE002697DD /* Release */,
			);
			defaultConfigurationIsVisible = 0;
			defaultConfigurationName = Release;
		};
		572A9094250BD4CE002697DD /* Build configuration list for PBXNativeTarget "GitHubAPIForRxSwiftTests" */ = {
			isa = XCConfigurationList;
			buildConfigurations = (
				572A9095250BD4CE002697DD /* Debug */,
				572A9096250BD4CE002697DD /* Release */,
			);
			defaultConfigurationIsVisible = 0;
			defaultConfigurationName = Release;
		};
		572A9097250BD4CE002697DD /* Build configuration list for PBXNativeTarget "GitHubAPIForRxSwiftUITests" */ = {
			isa = XCConfigurationList;
			buildConfigurations = (
				572A9098250BD4CE002697DD /* Debug */,
				572A9099250BD4CE002697DD /* Release */,
			);
			defaultConfigurationIsVisible = 0;
			defaultConfigurationName = Release;
		};
/* End XCConfigurationList section */
	};
	rootObject = 572A905F250BD4CA002697DD /* Project object */;
}
